// !$*UTF8*$!
{
	archiveVersion = 1;
	classes = {
	};
	objectVersion = 77;
	objects = {

/* Begin PBXContainerItemProxy section */
		823A3B0D2E26073A00A021DC /* PBXContainerItemProxy */ = {
			isa = PBXContainerItemProxy;
			containerPortal = 823A3AEE2E26073800A021DC /* Project object */;
			proxyType = 1;
			remoteGlobalIDString = 823A3AF52E26073800A021DC;
			remoteInfo = UIKitDemo1;
		};
		823A3B172E26073A00A021DC /* PBXContainerItemProxy */ = {
			isa = PBXContainerItemProxy;
			containerPortal = 823A3AEE2E26073800A021DC /* Project object */;
			proxyType = 1;
			remoteGlobalIDString = 823A3AF52E26073800A021DC;
			remoteInfo = UIKitDemo1;
		};
/* End PBXContainerItemProxy section */

/* Begin PBXFileReference section */
		823A3AF62E26073900A021DC /* UIKitDemo1.app */ = {isa = PBXFileReference; explicitFileType = wrapper.application; includeInIndex = 0; path = UIKitDemo1.app; sourceTree = BUILT_PRODUCTS_DIR; };
		823A3B0C2E26073A00A021DC /* UIKitDemo1Tests.xctest */ = {isa = PBXFileReference; explicitFileType = wrapper.cfbundle; includeInIndex = 0; path = UIKitDemo1Tests.xctest; sourceTree = BUILT_PRODUCTS_DIR; };
		823A3B162E26073A00A021DC /* UIKitDemo1UITests.xctest */ = {isa = PBXFileReference; explicitFileType = wrapper.cfbundle; includeInIndex = 0; path = UIKitDemo1UITests.xctest; sourceTree = BUILT_PRODUCTS_DIR; };
/* End PBXFileReference section */

/* Begin PBXFileSystemSynchronizedBuildFileExceptionSet section */
		823A3B1E2E26073A00A021DC /* Exceptions for "UIKitDemo1" folder in "UIKitDemo1" target */ = {
			isa = PBXFileSystemSynchronizedBuildFileExceptionSet;
			membershipExceptions = (
				Info.plist,
			);
			target = 823A3AF52E26073800A021DC /* UIKitDemo1 */;
		};
/* End PBXFileSystemSynchronizedBuildFileExceptionSet section */

/* Begin PBXFileSystemSynchronizedRootGroup section */
		823A3AF82E26073900A021DC /* UIKitDemo1 */ = {
			isa = PBXFileSystemSynchronizedRootGroup;
			exceptions = (
				823A3B1E2E26073A00A021DC /* Exceptions for "UIKitDemo1" folder in "UIKitDemo1" target */,
			);
			path = UIKitDemo1;
			sourceTree = "<group>";
		};
		823A3B0F2E26073A00A021DC /* UIKitDemo1Tests */ = {
			isa = PBXFileSystemSynchronizedRootGroup;
			path = UIKitDemo1Tests;
			sourceTree = "<group>";
		};
		823A3B192E26073A00A021DC /* UIKitDemo1UITests */ = {
			isa = PBXFileSystemSynchronizedRootGroup;
			path = UIKitDemo1UITests;
			sourceTree = "<group>";
		};
/* End PBXFileSystemSynchronizedRootGroup section */

/* Begin PBXFrameworksBuildPhase section */
		823A3AF32E26073800A021DC /* Frameworks */ = {
			isa = PBXFrameworksBuildPhase;
			buildActionMask = 2147483647;
			files = (
			);
			runOnlyForDeploymentPostprocessing = 0;
		};
		823A3B092E26073A00A021DC /* Frameworks */ = {
			isa = PBXFrameworksBuildPhase;
			buildActionMask = 2147483647;
			files = (
			);
			runOnlyForDeploymentPostprocessing = 0;
		};
		823A3B132E26073A00A021DC /* Frameworks */ = {
			isa = PBXFrameworksBuildPhase;
			buildActionMask = 2147483647;
			files = (
			);
			runOnlyForDeploymentPostprocessing = 0;
		};
/* End PBXFrameworksBuildPhase section */

/* Begin PBXGroup section */
		823A3AED2E26073800A021DC = {
			isa = PBXGroup;
			children = (
				823A3AF82E26073900A021DC /* UIKitDemo1 */,
				823A3B0F2E26073A00A021DC /* UIKitDemo1Tests */,
				823A3B192E26073A00A021DC /* UIKitDemo1UITests */,
				823A3AF72E26073900A021DC /* Products */,
			);
			sourceTree = "<group>";
		};
		823A3AF72E26073900A021DC /* Products */ = {
			isa = PBXGroup;
			children = (
				823A3AF62E26073900A021DC /* UIKitDemo1.app */,
				823A3B0C2E26073A00A021DC /* UIKitDemo1Tests.xctest */,
				823A3B162E26073A00A021DC /* UIKitDemo1UITests.xctest */,
			);
			name = Products;
			sourceTree = "<group>";
		};
/* End PBXGroup section */

/* Begin PBXNativeTarget section */
		823A3AF52E26073800A021DC /* UIKitDemo1 */ = {
			isa = PBXNativeTarget;
			buildConfigurationList = 823A3B1F2E26073A00A021DC /* Build configuration list for PBXNativeTarget "UIKitDemo1" */;
			buildPhases = (
				823A3AF22E26073800A021DC /* Sources */,
				823A3AF32E26073800A021DC /* Frameworks */,
				823A3AF42E26073800A021DC /* Resources */,
			);
			buildRules = (
			);
			dependencies = (
			);
			fileSystemSynchronizedGroups = (
				823A3AF82E26073900A021DC /* UIKitDemo1 */,
			);
			name = UIKitDemo1;
			packageProductDependencies = (
			);
			productName = UIKitDemo1;
			productReference = 823A3AF62E26073900A021DC /* UIKitDemo1.app */;
			productType = "com.apple.product-type.application";
		};
		823A3B0B2E26073A00A021DC /* UIKitDemo1Tests */ = {
			isa = PBXNativeTarget;
			buildConfigurationList = 823A3B242E26073A00A021DC /* Build configuration list for PBXNativeTarget "UIKitDemo1Tests" */;
			buildPhases = (
				823A3B082E26073A00A021DC /* Sources */,
				823A3B092E26073A00A021DC /* Frameworks */,
				823A3B0A2E26073A00A021DC /* Resources */,
			);
			buildRules = (
			);
			dependencies = (
				823A3B0E2E26073A00A021DC /* PBXTargetDependency */,
			);
			fileSystemSynchronizedGroups = (
				823A3B0F2E26073A00A021DC /* UIKitDemo1Tests */,
			);
			name = UIKitDemo1Tests;
			packageProductDependencies = (
			);
			productName = UIKitDemo1Tests;
			productReference = 823A3B0C2E26073A00A021DC /* UIKitDemo1Tests.xctest */;
			productType = "com.apple.product-type.bundle.unit-test";
		};
		823A3B152E26073A00A021DC /* UIKitDemo1UITests */ = {
			isa = PBXNativeTarget;
			buildConfigurationList = 823A3B272E26073A00A021DC /* Build configuration list for PBXNativeTarget "UIKitDemo1UITests" */;
			buildPhases = (
				823A3B122E26073A00A021DC /* Sources */,
				823A3B132E26073A00A021DC /* Frameworks */,
				823A3B142E26073A00A021DC /* Resources */,
			);
			buildRules = (
			);
			dependencies = (
				823A3B182E26073A00A021DC /* PBXTargetDependency */,
			);
			fileSystemSynchronizedGroups = (
				823A3B192E26073A00A021DC /* UIKitDemo1UITests */,
			);
			name = UIKitDemo1UITests;
			packageProductDependencies = (
			);
			productName = UIKitDemo1UITests;
			productReference = 823A3B162E26073A00A021DC /* UIKitDemo1UITests.xctest */;
			productType = "com.apple.product-type.bundle.ui-testing";
		};
/* End PBXNativeTarget section */

/* Begin PBXProject section */
		823A3AEE2E26073800A021DC /* Project object */ = {
			isa = PBXProject;
			attributes = {
				BuildIndependentTargetsInParallel = 1;
				LastSwiftUpdateCheck = 1640;
				LastUpgradeCheck = 1640;
				TargetAttributes = {
					823A3AF52E26073800A021DC = {
						CreatedOnToolsVersion = 16.4;
					};
					823A3B0B2E26073A00A021DC = {
						CreatedOnToolsVersion = 16.4;
						TestTargetID = 823A3AF52E26073800A021DC;
					};
					823A3B152E26073A00A021DC = {
						CreatedOnToolsVersion = 16.4;
						TestTargetID = 823A3AF52E26073800A021DC;
					};
				};
			};
			buildConfigurationList = 823A3AF12E26073800A021DC /* Build configuration list for PBXProject "UIKitDemo1" */;
			developmentRegion = en;
			hasScannedForEncodings = 0;
			knownRegions = (
				en,
				Base,
			);
			mainGroup = 823A3AED2E26073800A021DC;
			minimizedProjectReferenceProxies = 1;
			preferredProjectObjectVersion = 77;
			productRefGroup = 823A3AF72E26073900A021DC /* Products */;
			projectDirPath = "";
			projectRoot = "";
			targets = (
				823A3AF52E26073800A021DC /* UIKitDemo1 */,
				823A3B0B2E26073A00A021DC /* UIKitDemo1Tests */,
				823A3B152E26073A00A021DC /* UIKitDemo1UITests */,
			);
		};
/* End PBXProject section */

/* Begin PBXResourcesBuildPhase section */
		823A3AF42E26073800A021DC /* Resources */ = {
			isa = PBXResourcesBuildPhase;
			buildActionMask = 2147483647;
			files = (
			);
			runOnlyForDeploymentPostprocessing = 0;
		};
		823A3B0A2E26073A00A021DC /* Resources */ = {
			isa = PBXResourcesBuildPhase;
			buildActionMask = 2147483647;
			files = (
			);
			runOnlyForDeploymentPostprocessing = 0;
		};
		823A3B142E26073A00A021DC /* Resources */ = {
			isa = PBXResourcesBuildPhase;
			buildActionMask = 2147483647;
			files = (
			);
			runOnlyForDeploymentPostprocessing = 0;
		};
/* End PBXResourcesBuildPhase section */

/* Begin PBXSourcesBuildPhase section */
		823A3AF22E26073800A021DC /* Sources */ = {
			isa = PBXSourcesBuildPhase;
			buildActionMask = 2147483647;
			files = (
			);
			runOnlyForDeploymentPostprocessing = 0;
		};
		823A3B082E26073A00A021DC /* Sources */ = {
			isa = PBXSourcesBuildPhase;
			buildActionMask = 2147483647;
			files = (
			);
			runOnlyForDeploymentPostprocessing = 0;
		};
		823A3B122E26073A00A021DC /* Sources */ = {
			isa = PBXSourcesBuildPhase;
			buildActionMask = 2147483647;
			files = (
			);
			runOnlyForDeploymentPostprocessing = 0;
		};
/* End PBXSourcesBuildPhase section */

/* Begin PBXTargetDependency section */
		823A3B0E2E26073A00A021DC /* PBXTargetDependency */ = {
			isa = PBXTargetDependency;
			target = 823A3AF52E26073800A021DC /* UIKitDemo1 */;
			targetProxy = 823A3B0D2E26073A00A021DC /* PBXContainerItemProxy */;
		};
		823A3B182E26073A00A021DC /* PBXTargetDependency */ = {
			isa = PBXTargetDependency;
			target = 823A3AF52E26073800A021DC /* UIKitDemo1 */;
			targetProxy = 823A3B172E26073A00A021DC /* PBXContainerItemProxy */;
		};
/* End PBXTargetDependency section */

/* Begin XCBuildConfiguration section */
		823A3B202E26073A00A021DC /* Debug */ = {
			isa = XCBuildConfiguration;
			buildSettings = {
				ASSETCATALOG_COMPILER_APPICON_NAME = AppIcon;
				ASSETCATALOG_COMPILER_GLOBAL_ACCENT_COLOR_NAME = AccentColor;
				CODE_SIGN_STYLE = Automatic;
				CURRENT_PROJECT_VERSION = 1;
				DEVELOPMENT_TEAM = 8W3X4V83AW;
				GENERATE_INFOPLIST_FILE = YES;
				INFOPLIST_FILE = UIKitDemo1/Info.plist;
				INFOPLIST_KEY_UIApplicationSupportsIndirectInputEvents = YES;
				INFOPLIST_KEY_UILaunchStoryboardName = LaunchScreen;
				INFOPLIST_KEY_UIMainStoryboardFile = Main;
				INFOPLIST_KEY_UISupportedInterfaceOrientations_iPad = "UIInterfaceOrientationPortrait UIInterfaceOrientationPortraitUpsideDown UIInterfaceOrientationLandscapeLeft UIInterfaceOrientationLandscapeRight";
				INFOPLIST_KEY_UISupportedInterfaceOrientations_iPhone = "UIInterfaceOrientationPortrait UIInterfaceOrientationLandscapeLeft UIInterfaceOrientationLandscapeRight";
				LD_RUNPATH_SEARCH_PATHS = (
					"$(inherited)",
					"@executable_path/Frameworks",
				);
				MARKETING_VERSION = 1.0;
				PRODUCT_BUNDLE_IDENTIFIER = com.chitkara.UIKitDemo1;
				PRODUCT_NAME = "$(TARGET_NAME)";
				SWIFT_EMIT_LOC_STRINGS = YES;
				SWIFT_VERSION = 5.0;
				TARGETED_DEVICE_FAMILY = "1,2";
			};
			name = Debug;
		};
		823A3B212E26073A00A021DC /* Release */ = {
			isa = XCBuildConfiguration;
			buildSettings = {
				ASSETCATALOG_COMPILER_APPICON_NAME = AppIcon;
				ASSETCATALOG_COMPILER_GLOBAL_ACCENT_COLOR_NAME = AccentColor;
				CODE_SIGN_STYLE = Automatic;
				CURRENT_PROJECT_VERSION = 1;
				DEVELOPMENT_TEAM = 8W3X4V83AW;
				GENERATE_INFOPLIST_FILE = YES;
				INFOPLIST_FILE = UIKitDemo1/Info.plist;
				INFOPLIST_KEY_UIApplicationSupportsIndirectInputEvents = YES;
				INFOPLIST_KEY_UILaunchStoryboardName = LaunchScreen;
				INFOPLIST_KEY_UIMainStoryboardFile = Main;
				INFOPLIST_KEY_UISupportedInterfaceOrientations_iPad = "UIInterfaceOrientationPortrait UIInterfaceOrientationPortraitUpsideDown UIInterfaceOrientationLandscapeLeft UIInterfaceOrientationLandscapeRight";
				INFOPLIST_KEY_UISupportedInterfaceOrientations_iPhone = "UIInterfaceOrientationPortrait UIInterfaceOrientationLandscapeLeft UIInterfaceOrientationLandscapeRight";
				LD_RUNPATH_SEARCH_PATHS = (
					"$(inherited)",
					"@executable_path/Frameworks",
				);
				MARKETING_VERSION = 1.0;
				PRODUCT_BUNDLE_IDENTIFIER = com.chitkara.UIKitDemo1;
				PRODUCT_NAME = "$(TARGET_NAME)";
				SWIFT_EMIT_LOC_STRINGS = YES;
				SWIFT_VERSION = 5.0;
				TARGETED_DEVICE_FAMILY = "1,2";
			};
			name = Release;
		};
		823A3B222E26073A00A021DC /* Debug */ = {
			isa = XCBuildConfiguration;
			buildSettings = {
				ALWAYS_SEARCH_USER_PATHS = NO;
				ASSETCATALOG_COMPILER_GENERATE_SWIFT_ASSET_SYMBOL_EXTENSIONS = YES;
				CLANG_ANALYZER_NONNULL = YES;
				CLANG_ANALYZER_NUMBER_OBJECT_CONVERSION = YES_AGGRESSIVE;
				CLANG_CXX_LANGUAGE_STANDARD = "gnu++20";
				CLANG_ENABLE_MODULES = YES;
				CLANG_ENABLE_OBJC_ARC = YES;
				CLANG_ENABLE_OBJC_WEAK = YES;
				CLANG_WARN_BLOCK_CAPTURE_AUTORELEASING = YES;
				CLANG_WARN_BOOL_CONVERSION = YES;
				CLANG_WARN_COMMA = YES;
				CLANG_WARN_CONSTANT_CONVERSION = YES;
				CLANG_WARN_DEPRECATED_OBJC_IMPLEMENTATIONS = YES;
				CLANG_WARN_DIRECT_OBJC_ISA_USAGE = YES_ERROR;
				CLANG_WARN_DOCUMENTATION_COMMENTS = YES;
				CLANG_WARN_EMPTY_BODY = YES;
				CLANG_WARN_ENUM_CONVERSION = YES;
				CLANG_WARN_INFINITE_RECURSION = YES;
				CLANG_WARN_INT_CONVERSION = YES;
				CLANG_WARN_NON_LITERAL_NULL_CONVERSION = YES;
				CLANG_WARN_OBJC_IMPLICIT_RETAIN_SELF = YES;
				CLANG_WARN_OBJC_LITERAL_CONVERSION = YES;
				CLANG_WARN_OBJC_ROOT_CLASS = YES_ERROR;
				CLANG_WARN_QUOTED_INCLUDE_IN_FRAMEWORK_HEADER = YES;
				CLANG_WARN_RANGE_LOOP_ANALYSIS = YES;
				CLANG_WARN_STRICT_PROTOTYPES = YES;
				CLANG_WARN_SUSPICIOUS_MOVE = YES;
				CLANG_WARN_UNGUARDED_AVAILABILITY = YES_AGGRESSIVE;
				CLANG_WARN_UNREACHABLE_CODE = YES;
				CLANG_WARN__DUPLICATE_METHOD_MATCH = YES;
				COPY_PHASE_STRIP = NO;
				DEBUG_INFORMATION_FORMAT = dwarf;
				DEVELOPMENT_TEAM = 8W3X4V83AW;
				ENABLE_STRICT_OBJC_MSGSEND = YES;
				ENABLE_TESTABILITY = YES;
				ENABLE_USER_SCRIPT_SANDBOXING = YES;
				GCC_C_LANGUAGE_STANDARD = gnu17;
				GCC_DYNAMIC_NO_PIC = NO;
				GCC_NO_COMMON_BLOCKS = YES;
				GCC_OPTIMIZATION_LEVEL = 0;
				GCC_PREPROCESSOR_DEFINITIONS = (
					"DEBUG=1",
					"$(inherited)",
				);
				GCC_WARN_64_TO_32_BIT_CONVERSION = YES;
				GCC_WARN_ABOUT_RETURN_TYPE = YES_ERROR;
				GCC_WARN_UNDECLARED_SELECTOR = YES;
				GCC_WARN_UNINITIALIZED_AUTOS = YES_AGGRESSIVE;
				GCC_WARN_UNUSED_FUNCTION = YES;
				GCC_WARN_UNUSED_VARIABLE = YES;
				IPHONEOS_DEPLOYMENT_TARGET = 18.5;
				LOCALIZATION_PREFERS_STRING_CATALOGS = YES;
				MTL_ENABLE_DEBUG_INFO = INCLUDE_SOURCE;
				MTL_FAST_MATH = YES;
				ONLY_ACTIVE_ARCH = YES;
				SDKROOT = iphoneos;
				SWIFT_ACTIVE_COMPILATION_CONDITIONS = "DEBUG $(inherited)";
				SWIFT_OPTIMIZATION_LEVEL = "-Onone";
			};
			name = Debug;
		};
		823A3B232E26073A00A021DC /* Release */ = {
			isa = XCBuildConfiguration;
			buildSettings = {
				ALWAYS_SEARCH_USER_PATHS = NO;
				ASSETCATALOG_COMPILER_GENERATE_SWIFT_ASSET_SYMBOL_EXTENSIONS = YES;
				CLANG_ANALYZER_NONNULL = YES;
				CLANG_ANALYZER_NUMBER_OBJECT_CONVERSION = YES_AGGRESSIVE;
				CLANG_CXX_LANGUAGE_STANDARD = "gnu++20";
				CLANG_ENABLE_MODULES = YES;
				CLANG_ENABLE_OBJC_ARC = YES;
				CLANG_ENABLE_OBJC_WEAK = YES;
				CLANG_WARN_BLOCK_CAPTURE_AUTORELEASING = YES;
				CLANG_WARN_BOOL_CONVERSION = YES;
				CLANG_WARN_COMMA = YES;
				CLANG_WARN_CONSTANT_CONVERSION = YES;
				CLANG_WARN_DEPRECATED_OBJC_IMPLEMENTATIONS = YES;
				CLANG_WARN_DIRECT_OBJC_ISA_USAGE = YES_ERROR;
				CLANG_WARN_DOCUMENTATION_COMMENTS = YES;
				CLANG_WARN_EMPTY_BODY = YES;
				CLANG_WARN_ENUM_CONVERSION = YES;
				CLANG_WARN_INFINITE_RECURSION = YES;
				CLANG_WARN_INT_CONVERSION = YES;
				CLANG_WARN_NON_LITERAL_NULL_CONVERSION = YES;
				CLANG_WARN_OBJC_IMPLICIT_RETAIN_SELF = YES;
				CLANG_WARN_OBJC_LITERAL_CONVERSION = YES;
				CLANG_WARN_OBJC_ROOT_CLASS = YES_ERROR;
				CLANG_WARN_QUOTED_INCLUDE_IN_FRAMEWORK_HEADER = YES;
				CLANG_WARN_RANGE_LOOP_ANALYSIS = YES;
				CLANG_WARN_STRICT_PROTOTYPES = YES;
				CLANG_WARN_SUSPICIOUS_MOVE = YES;
				CLANG_WARN_UNGUARDED_AVAILABILITY = YES_AGGRESSIVE;
				CLANG_WARN_UNREACHABLE_CODE = YES;
				CLANG_WARN__DUPLICATE_METHOD_MATCH = YES;
				COPY_PHASE_STRIP = NO;
				DEBUG_INFORMATION_FORMAT = "dwarf-with-dsym";
				DEVELOPMENT_TEAM = 8W3X4V83AW;
				ENABLE_NS_ASSERTIONS = NO;
				ENABLE_STRICT_OBJC_MSGSEND = YES;
				ENABLE_USER_SCRIPT_SANDBOXING = YES;
				GCC_C_LANGUAGE_STANDARD = gnu17;
				GCC_NO_COMMON_BLOCKS = YES;
				GCC_WARN_64_TO_32_BIT_CONVERSION = YES;
				GCC_WARN_ABOUT_RETURN_TYPE = YES_ERROR;
				GCC_WARN_UNDECLARED_SELECTOR = YES;
				GCC_WARN_UNINITIALIZED_AUTOS = YES_AGGRESSIVE;
				GCC_WARN_UNUSED_FUNCTION = YES;
				GCC_WARN_UNUSED_VARIABLE = YES;
				IPHONEOS_DEPLOYMENT_TARGET = 18.5;
				LOCALIZATION_PREFERS_STRING_CATALOGS = YES;
				MTL_ENABLE_DEBUG_INFO = NO;
				MTL_FAST_MATH = YES;
				SDKROOT = iphoneos;
				SWIFT_COMPILATION_MODE = wholemodule;
				VALIDATE_PRODUCT = YES;
			};
			name = Release;
		};
		823A3B252E26073A00A021DC /* Debug */ = {
			isa = XCBuildConfiguration;
			buildSettings = {
				BUNDLE_LOADER = "$(TEST_HOST)";
				CODE_SIGN_STYLE = Automatic;
				CURRENT_PROJECT_VERSION = 1;
				DEVELOPMENT_TEAM = 8W3X4V83AW;
				GENERATE_INFOPLIST_FILE = YES;
				IPHONEOS_DEPLOYMENT_TARGET = 18.5;
				MARKETING_VERSION = 1.0;
				PRODUCT_BUNDLE_IDENTIFIER = com.chitkara.UIKitDemo1Tests;
				PRODUCT_NAME = "$(TARGET_NAME)";
				SWIFT_EMIT_LOC_STRINGS = NO;
				SWIFT_VERSION = 5.0;
				TARGETED_DEVICE_FAMILY = "1,2";
				TEST_HOST = "$(BUILT_PRODUCTS_DIR)/UIKitDemo1.app/$(BUNDLE_EXECUTABLE_FOLDER_PATH)/UIKitDemo1";
			};
			name = Debug;
		};
		823A3B262E26073A00A021DC /* Release */ = {
			isa = XCBuildConfiguration;
			buildSettings = {
				BUNDLE_LOADER = "$(TEST_HOST)";
				CODE_SIGN_STYLE = Automatic;
				CURRENT_PROJECT_VERSION = 1;
				DEVELOPMENT_TEAM = 8W3X4V83AW;
				GENERATE_INFOPLIST_FILE = YES;
				IPHONEOS_DEPLOYMENT_TARGET = 18.5;
				MARKETING_VERSION = 1.0;
				PRODUCT_BUNDLE_IDENTIFIER = com.chitkara.UIKitDemo1Tests;
				PRODUCT_NAME = "$(TARGET_NAME)";
				SWIFT_EMIT_LOC_STRINGS = NO;
				SWIFT_VERSION = 5.0;
				TARGETED_DEVICE_FAMILY = "1,2";
				TEST_HOST = "$(BUILT_PRODUCTS_DIR)/UIKitDemo1.app/$(BUNDLE_EXECUTABLE_FOLDER_PATH)/UIKitDemo1";
			};
			name = Release;
		};
		823A3B282E26073A00A021DC /* Debug */ = {
			isa = XCBuildConfiguration;
			buildSettings = {
				CODE_SIGN_STYLE = Automatic;
				CURRENT_PROJECT_VERSION = 1;
				DEVELOPMENT_TEAM = 8W3X4V83AW;
				GENERATE_INFOPLIST_FILE = YES;
				MARKETING_VERSION = 1.0;
				PRODUCT_BUNDLE_IDENTIFIER = com.chitkara.UIKitDemo1UITests;
				PRODUCT_NAME = "$(TARGET_NAME)";
				SWIFT_EMIT_LOC_STRINGS = NO;
				SWIFT_VERSION = 5.0;
				TARGETED_DEVICE_FAMILY = "1,2";
				TEST_TARGET_NAME = UIKitDemo1;
			};
			name = Debug;
		};
		823A3B292E26073A00A021DC /* Release */ = {
			isa = XCBuildConfiguration;
			buildSettings = {
				CODE_SIGN_STYLE = Automatic;
				CURRENT_PROJECT_VERSION = 1;
				DEVELOPMENT_TEAM = 8W3X4V83AW;
				GENERATE_INFOPLIST_FILE = YES;
				MARKETING_VERSION = 1.0;
				PRODUCT_BUNDLE_IDENTIFIER = com.chitkara.UIKitDemo1UITests;
				PRODUCT_NAME = "$(TARGET_NAME)";
				SWIFT_EMIT_LOC_STRINGS = NO;
				SWIFT_VERSION = 5.0;
				TARGETED_DEVICE_FAMILY = "1,2";
				TEST_TARGET_NAME = UIKitDemo1;
			};
			name = Release;
		};
/* End XCBuildConfiguration section */

/* Begin XCConfigurationList section */
		823A3AF12E26073800A021DC /* Build configuration list for PBXProject "UIKitDemo1" */ = {
			isa = XCConfigurationList;
			buildConfigurations = (
				823A3B222E26073A00A021DC /* Debug */,
				823A3B232E26073A00A021DC /* Release */,
			);
			defaultConfigurationIsVisible = 0;
			defaultConfigurationName = Release;
		};
		823A3B1F2E26073A00A021DC /* Build configuration list for PBXNativeTarget "UIKitDemo1" */ = {
			isa = XCConfigurationList;
			buildConfigurations = (
				823A3B202E26073A00A021DC /* Debug */,
				823A3B212E26073A00A021DC /* Release */,
			);
			defaultConfigurationIsVisible = 0;
			defaultConfigurationName = Release;
		};
		823A3B242E26073A00A021DC /* Build configuration list for PBXNativeTarget "UIKitDemo1Tests" */ = {
			isa = XCConfigurationList;
			buildConfigurations = (
				823A3B252E26073A00A021DC /* Debug */,
				823A3B262E26073A00A021DC /* Release */,
			);
			defaultConfigurationIsVisible = 0;
			defaultConfigurationName = Release;
		};
		823A3B272E26073A00A021DC /* Build configuration list for PBXNativeTarget "UIKitDemo1UITests" */ = {
			isa = XCConfigurationList;
			buildConfigurations = (
				823A3B282E26073A00A021DC /* Debug */,
				823A3B292E26073A00A021DC /* Release */,
			);
			defaultConfigurationIsVisible = 0;
			defaultConfigurationName = Release;
		};
/* End XCConfigurationList section */
	};
	rootObject = 823A3AEE2E26073800A021DC /* Project object */;
}
